
Microsoft Visual Studio Solution File, Format Version 12.00
# Visual Studio Version 17
VisualStudioVersion = 17.0.31903.59
MinimumVisualStudioVersion = 10.0.40219.1
Project("{FAE04EC0-301F-11D3-BF4B-00C04F79EFBC}") = "Piramide", "Piramide\Piramide.csproj", "{E5BF0582-05FF-4859-BB1A-25EF1D67FC19}"
EndProject
Project("{FAE04EC0-301F-11D3-BF4B-00C04F79EFBC}") = "Piramide.Tests", "Piramide.Tests\Piramide.Tests.csproj", "{0D5B7A0B-362D-4B86-9AF7-FFA51DC2652F}"
EndProject
Project("{FAE04EC0-301F-11D3-BF4B-00C04F79EFBC}") = "Vertice", "Vertice\Vertice.csproj", "{DD896352-22FD-4263-91AC-D71E69C18E38}"
EndProject
Project("{FAE04EC0-301F-11D3-BF4B-00C04F79EFBC}") = "Vertice.Tests", "Vertice.Tests\Vertice.Tests.csproj", "{71311C08-8FC1-4105-82F8-2C18DAAC10FC}"
EndProject
Project("{FAE04EC0-301F-11D3-BF4B-00C04F79EFBC}") = "Triangulo", "Triangulo\Triangulo.csproj", "{6556FEB7-FDBC-4045-8E15-6F04546383BC}"
EndProject
Project("{FAE04EC0-301F-11D3-BF4B-00C04F79EFBC}") = "Triangulo.Tests", "Triangulo.Tests\Triangulo.Tests.csproj", "{FDAC348F-6364-43B4-ACEA-1FA64402885E}"
EndProject
Project("{FAE04EC0-301F-11D3-BF4B-00C04F79EFBC}") = "Poligono", "Poligono\Poligono.csproj", "{F507A345-E4B1-4A24-8A52-D75052E4B609}"
EndProject
Project("{FAE04EC0-301F-11D3-BF4B-00C04F79EFBC}") = "Poligono.Tests", "Poligono.Tests\Poligono.Tests.csproj", "{945E2A46-F734-441E-B8D5-F80A2DAD03EA}"
EndProject
Project("{FAE04EC0-301F-11D3-BF4B-00C04F79EFBC}") = "Intervalo", "Intervalo\Intervalo.csproj", "{18467317-6CFF-4CC0-A4E0-F9633B00BA67}"
EndProject
Project("{FAE04EC0-301F-11D3-BF4B-00C04F79EFBC}") = "Intervalo.Tests", "Intervalo.Tests\Intervalo.Tests.csproj", "{C84D18D1-3F1E-41C8-B582-BAAF39B7D94E}"
EndProject
Project("{FAE04EC0-301F-11D3-BF4B-00C04F79EFBC}") = "ListaIntervalo", "ListaIntervalo\ListaIntervalo.csproj", "{5FC7FFC5-1090-4C4C-9045-541A4B7FB10E}"
EndProject
Project("{FAE04EC0-301F-11D3-BF4B-00C04F79EFBC}") = "ListaIntervalo.Tests", "ListaIntervalo.Tests\ListaIntervalo.Tests.csproj", "{BB9E661F-1985-4442-B5DB-584707133256}"
EndProject
Project("{FAE04EC0-301F-11D3-BF4B-00C04F79EFBC}") = "CertidaoNascimento", "CertidaoNascimento\CertidaoNascimento.csproj", "{6C8833EC-1A1C-4976-AE93-0E3FEC623DB9}"
EndProject
Project("{FAE04EC0-301F-11D3-BF4B-00C04F79EFBC}") = "CertidaoNascimento.Tests", "CertidaoNascimento.Tests\CertidaoNascimento.Tests.csproj", "{8A9E5133-13EC-4A9B-8D28-A0BBF411A243}"
EndProject
Project("{FAE04EC0-301F-11D3-BF4B-00C04F79EFBC}") = "Carro", "Carro\Carro.csproj", "{30C12222-AB5D-4A23-B883-04B774002E61}"
EndProject
Project("{FAE04EC0-301F-11D3-BF4B-00C04F79EFBC}") = "Carro.Tests", "Carro.Tests\Carro.Tests.csproj", "{880D16A8-15F1-4DBF-8CB9-C7C8FDCB2B35}"
EndProject
Project("{FAE04EC0-301F-11D3-BF4B-00C04F79EFBC}") = "ValidacaoDados", "ValidacaoDados\ValidacaoDados.csproj", "{D5756E1A-823B-464B-B6FA-2DD76E149BF5}"
EndProject
Project("{FAE04EC0-301F-11D3-BF4B-00C04F79EFBC}") = "Armstrong", "Armstrong\Armstrong.csproj", "{F5E93006-5CC6-40DC-96C2-4A63A6484AC0}"
EndProject
Global
	GlobalSection(SolutionConfigurationPlatforms) = preSolution
		Debug|Any CPU = Debug|Any CPU
		Release|Any CPU = Release|Any CPU
	EndGlobalSection
	GlobalSection(SolutionProperties) = preSolution
		HideSolutionNode = FALSE
	EndGlobalSection
	GlobalSection(ProjectConfigurationPlatforms) = postSolution
		{E5BF0582-05FF-4859-BB1A-25EF1D67FC19}.Debug|Any CPU.ActiveCfg = Debug|Any CPU
		{E5BF0582-05FF-4859-BB1A-25EF1D67FC19}.Debug|Any CPU.Build.0 = Debug|Any CPU
		{E5BF0582-05FF-4859-BB1A-25EF1D67FC19}.Release|Any CPU.ActiveCfg = Release|Any CPU
		{E5BF0582-05FF-4859-BB1A-25EF1D67FC19}.Release|Any CPU.Build.0 = Release|Any CPU
		{0D5B7A0B-362D-4B86-9AF7-FFA51DC2652F}.Debug|Any CPU.ActiveCfg = Debug|Any CPU
		{0D5B7A0B-362D-4B86-9AF7-FFA51DC2652F}.Debug|Any CPU.Build.0 = Debug|Any CPU
		{0D5B7A0B-362D-4B86-9AF7-FFA51DC2652F}.Release|Any CPU.ActiveCfg = Release|Any CPU
		{0D5B7A0B-362D-4B86-9AF7-FFA51DC2652F}.Release|Any CPU.Build.0 = Release|Any CPU
		{DD896352-22FD-4263-91AC-D71E69C18E38}.Debug|Any CPU.ActiveCfg = Debug|Any CPU
		{DD896352-22FD-4263-91AC-D71E69C18E38}.Debug|Any CPU.Build.0 = Debug|Any CPU
		{DD896352-22FD-4263-91AC-D71E69C18E38}.Release|Any CPU.ActiveCfg = Release|Any CPU
		{DD896352-22FD-4263-91AC-D71E69C18E38}.Release|Any CPU.Build.0 = Release|Any CPU
		{71311C08-8FC1-4105-82F8-2C18DAAC10FC}.Debug|Any CPU.ActiveCfg = Debug|Any CPU
		{71311C08-8FC1-4105-82F8-2C18DAAC10FC}.Debug|Any CPU.Build.0 = Debug|Any CPU
		{71311C08-8FC1-4105-82F8-2C18DAAC10FC}.Release|Any CPU.ActiveCfg = Release|Any CPU
		{71311C08-8FC1-4105-82F8-2C18DAAC10FC}.Release|Any CPU.Build.0 = Release|Any CPU
		{6556FEB7-FDBC-4045-8E15-6F04546383BC}.Debug|Any CPU.ActiveCfg = Debug|Any CPU
		{6556FEB7-FDBC-4045-8E15-6F04546383BC}.Debug|Any CPU.Build.0 = Debug|Any CPU
		{6556FEB7-FDBC-4045-8E15-6F04546383BC}.Release|Any CPU.ActiveCfg = Release|Any CPU
		{6556FEB7-FDBC-4045-8E15-6F04546383BC}.Release|Any CPU.Build.0 = Release|Any CPU
		{FDAC348F-6364-43B4-ACEA-1FA64402885E}.Debug|Any CPU.ActiveCfg = Debug|Any CPU
		{FDAC348F-6364-43B4-ACEA-1FA64402885E}.Debug|Any CPU.Build.0 = Debug|Any CPU
		{FDAC348F-6364-43B4-ACEA-1FA64402885E}.Release|Any CPU.ActiveCfg = Release|Any CPU
		{FDAC348F-6364-43B4-ACEA-1FA64402885E}.Release|Any CPU.Build.0 = Release|Any CPU
		{F507A345-E4B1-4A24-8A52-D75052E4B609}.Debug|Any CPU.ActiveCfg = Debug|Any CPU
		{F507A345-E4B1-4A24-8A52-D75052E4B609}.Debug|Any CPU.Build.0 = Debug|Any CPU
		{F507A345-E4B1-4A24-8A52-D75052E4B609}.Release|Any CPU.ActiveCfg = Release|Any CPU
		{F507A345-E4B1-4A24-8A52-D75052E4B609}.Release|Any CPU.Build.0 = Release|Any CPU
		{945E2A46-F734-441E-B8D5-F80A2DAD03EA}.Debug|Any CPU.ActiveCfg = Debug|Any CPU
		{945E2A46-F734-441E-B8D5-F80A2DAD03EA}.Debug|Any CPU.Build.0 = Debug|Any CPU
		{945E2A46-F734-441E-B8D5-F80A2DAD03EA}.Release|Any CPU.ActiveCfg = Release|Any CPU
		{945E2A46-F734-441E-B8D5-F80A2DAD03EA}.Release|Any CPU.Build.0 = Release|Any CPU
		{18467317-6CFF-4CC0-A4E0-F9633B00BA67}.Debug|Any CPU.ActiveCfg = Debug|Any CPU
		{18467317-6CFF-4CC0-A4E0-F9633B00BA67}.Debug|Any CPU.Build.0 = Debug|Any CPU
		{18467317-6CFF-4CC0-A4E0-F9633B00BA67}.Release|Any CPU.ActiveCfg = Release|Any CPU
		{18467317-6CFF-4CC0-A4E0-F9633B00BA67}.Release|Any CPU.Build.0 = Release|Any CPU
		{C84D18D1-3F1E-41C8-B582-BAAF39B7D94E}.Debug|Any CPU.ActiveCfg = Debug|Any CPU
		{C84D18D1-3F1E-41C8-B582-BAAF39B7D94E}.Debug|Any CPU.Build.0 = Debug|Any CPU
		{C84D18D1-3F1E-41C8-B582-BAAF39B7D94E}.Release|Any CPU.ActiveCfg = Release|Any CPU
		{C84D18D1-3F1E-41C8-B582-BAAF39B7D94E}.Release|Any CPU.Build.0 = Release|Any CPU
		{5FC7FFC5-1090-4C4C-9045-541A4B7FB10E}.Debug|Any CPU.ActiveCfg = Debug|Any CPU
		{5FC7FFC5-1090-4C4C-9045-541A4B7FB10E}.Debug|Any CPU.Build.0 = Debug|Any CPU
		{5FC7FFC5-1090-4C4C-9045-541A4B7FB10E}.Release|Any CPU.ActiveCfg = Release|Any CPU
		{5FC7FFC5-1090-4C4C-9045-541A4B7FB10E}.Release|Any CPU.Build.0 = Release|Any CPU
		{BB9E661F-1985-4442-B5DB-584707133256}.Debug|Any CPU.ActiveCfg = Debug|Any CPU
		{BB9E661F-1985-4442-B5DB-584707133256}.Debug|Any CPU.Build.0 = Debug|Any CPU
		{BB9E661F-1985-4442-B5DB-584707133256}.Release|Any CPU.ActiveCfg = Release|Any CPU
		{BB9E661F-1985-4442-B5DB-584707133256}.Release|Any CPU.Build.0 = Release|Any CPU
		{6C8833EC-1A1C-4976-AE93-0E3FEC623DB9}.Debug|Any CPU.ActiveCfg = Debug|Any CPU
		{6C8833EC-1A1C-4976-AE93-0E3FEC623DB9}.Debug|Any CPU.Build.0 = Debug|Any CPU
		{6C8833EC-1A1C-4976-AE93-0E3FEC623DB9}.Release|Any CPU.ActiveCfg = Release|Any CPU
		{6C8833EC-1A1C-4976-AE93-0E3FEC623DB9}.Release|Any CPU.Build.0 = Release|Any CPU
		{8A9E5133-13EC-4A9B-8D28-A0BBF411A243}.Debug|Any CPU.ActiveCfg = Debug|Any CPU
		{8A9E5133-13EC-4A9B-8D28-A0BBF411A243}.Debug|Any CPU.Build.0 = Debug|Any CPU
		{8A9E5133-13EC-4A9B-8D28-A0BBF411A243}.Release|Any CPU.ActiveCfg = Release|Any CPU
		{8A9E5133-13EC-4A9B-8D28-A0BBF411A243}.Release|Any CPU.Build.0 = Release|Any CPU
		{30C12222-AB5D-4A23-B883-04B774002E61}.Debug|Any CPU.ActiveCfg = Debug|Any CPU
		{30C12222-AB5D-4A23-B883-04B774002E61}.Debug|Any CPU.Build.0 = Debug|Any CPU
		{30C12222-AB5D-4A23-B883-04B774002E61}.Release|Any CPU.ActiveCfg = Release|Any CPU
		{30C12222-AB5D-4A23-B883-04B774002E61}.Release|Any CPU.Build.0 = Release|Any CPU
		{880D16A8-15F1-4DBF-8CB9-C7C8FDCB2B35}.Debug|Any CPU.ActiveCfg = Debug|Any CPU
		{880D16A8-15F1-4DBF-8CB9-C7C8FDCB2B35}.Debug|Any CPU.Build.0 = Debug|Any CPU
		{880D16A8-15F1-4DBF-8CB9-C7C8FDCB2B35}.Release|Any CPU.ActiveCfg = Release|Any CPU
		{880D16A8-15F1-4DBF-8CB9-C7C8FDCB2B35}.Release|Any CPU.Build.0 = Release|Any CPU
		{D5756E1A-823B-464B-B6FA-2DD76E149BF5}.Debug|Any CPU.ActiveCfg = Debug|Any CPU
		{D5756E1A-823B-464B-B6FA-2DD76E149BF5}.Debug|Any CPU.Build.0 = Debug|Any CPU
		{D5756E1A-823B-464B-B6FA-2DD76E149BF5}.Release|Any CPU.ActiveCfg = Release|Any CPU
		{D5756E1A-823B-464B-B6FA-2DD76E149BF5}.Release|Any CPU.Build.0 = Release|Any CPU
		{F5E93006-5CC6-40DC-96C2-4A63A6484AC0}.Debug|Any CPU.ActiveCfg = Debug|Any CPU
		{F5E93006-5CC6-40DC-96C2-4A63A6484AC0}.Debug|Any CPU.Build.0 = Debug|Any CPU
		{F5E93006-5CC6-40DC-96C2-4A63A6484AC0}.Release|Any CPU.ActiveCfg = Release|Any CPU
		{F5E93006-5CC6-40DC-96C2-4A63A6484AC0}.Release|Any CPU.Build.0 = Release|Any CPU
	EndGlobalSection
EndGlobal
